
Microsoft Visual Studio Solution File, Format Version 11.00
# Visual Studio 2010
Project("{FAE04EC0-301F-11D3-BF4B-00C04F79EFBC}") = "Assembly-CSharp", "Assembly-CSharp.csproj", "{BF97B402-9103-9DD3-5609-A4EB4C43D60B}"
EndProject
Project("{FAE04EC0-301F-11D3-BF4B-00C04F79EFBC}") = "Assembly-CSharp-Editor", "Assembly-CSharp-Editor.csproj", "{DA0101D8-B3D8-A749-2B95-D62AEBC414E5}"
EndProject
Global
	GlobalSection(SolutionConfigurationPlatforms) = preSolution
		Debug|Any CPU = Debug|Any CPU
		Release|Any CPU = Release|Any CPU
	EndGlobalSection
	GlobalSection(ProjectConfigurationPlatforms) = postSolution
		{BF97B402-9103-9DD3-5609-A4EB4C43D60B}.Debug|Any CPU.ActiveCfg = Debug|Any CPU
		{BF97B402-9103-9DD3-5609-A4EB4C43D60B}.Debug|Any CPU.Build.0 = Debug|Any CPU
		{BF97B402-9103-9DD3-5609-A4EB4C43D60B}.Release|Any CPU.ActiveCfg = Release|Any CPU
		{BF97B402-9103-9DD3-5609-A4EB4C43D60B}.Release|Any CPU.Build.0 = Release|Any CPU
		{DA0101D8-B3D8-A749-2B95-D62AEBC414E5}.Debug|Any CPU.ActiveCfg = Debug|Any CPU
		{DA0101D8-B3D8-A749-2B95-D62AEBC414E5}.Debug|Any CPU.Build.0 = Debug|Any CPU
		{DA0101D8-B3D8-A749-2B95-D62AEBC414E5}.Release|Any CPU.ActiveCfg = Release|Any CPU
		{DA0101D8-B3D8-A749-2B95-D62AEBC414E5}.Release|Any CPU.Build.0 = Release|Any CPU
	EndGlobalSection
	GlobalSection(SolutionProperties) = preSolution
		HideSolutionNode = FALSE
	EndGlobalSection
EndGlobal
