
Microsoft Visual Studio Solution File, Format Version 11.00
# Visual Studio 2010
Project("{FAE04EC0-301F-11D3-BF4B-00C04F79EFBC}") = "Assembly-CSharp", "Assembly-CSharp.csproj", "{0EB7B35A-0313-BA6D-96AF-B53E5B86B64E}"
EndProject
Project("{FAE04EC0-301F-11D3-BF4B-00C04F79EFBC}") = "Assembly-CSharp-Editor", "Assembly-CSharp-Editor.csproj", "{28BC3C88-5039-5413-A3F4-04B6B6ADC905}"
EndProject
Global
	GlobalSection(SolutionConfigurationPlatforms) = preSolution
		Debug|Any CPU = Debug|Any CPU
		Release|Any CPU = Release|Any CPU
	EndGlobalSection
	GlobalSection(ProjectConfigurationPlatforms) = postSolution
		{0EB7B35A-0313-BA6D-96AF-B53E5B86B64E}.Debug|Any CPU.ActiveCfg = Debug|Any CPU
		{0EB7B35A-0313-BA6D-96AF-B53E5B86B64E}.Debug|Any CPU.Build.0 = Debug|Any CPU
		{0EB7B35A-0313-BA6D-96AF-B53E5B86B64E}.Release|Any CPU.ActiveCfg = Release|Any CPU
		{0EB7B35A-0313-BA6D-96AF-B53E5B86B64E}.Release|Any CPU.Build.0 = Release|Any CPU
		{28BC3C88-5039-5413-A3F4-04B6B6ADC905}.Debug|Any CPU.ActiveCfg = Debug|Any CPU
		{28BC3C88-5039-5413-A3F4-04B6B6ADC905}.Debug|Any CPU.Build.0 = Debug|Any CPU
		{28BC3C88-5039-5413-A3F4-04B6B6ADC905}.Release|Any CPU.ActiveCfg = Release|Any CPU
		{28BC3C88-5039-5413-A3F4-04B6B6ADC905}.Release|Any CPU.Build.0 = Release|Any CPU
	EndGlobalSection
	GlobalSection(SolutionProperties) = preSolution
		HideSolutionNode = FALSE
	EndGlobalSection
EndGlobal
